{
    "name": "tunnelgram",
    "version": "1.0.0-beta.1",
    "lockfileVersion": 1,
    "requires": true,
    "dependencies": {
        "array-differ": {
            "version": "1.0.0",
            "resolved": "https://registry.npmjs.org/array-differ/-/array-differ-1.0.0.tgz",
            "integrity": "sha1-7/UuN1gknTO+QCuLuOVkuytdQDE="
        },
        "array-union": {
            "version": "1.0.2",
            "resolved": "https://registry.npmjs.org/array-union/-/array-union-1.0.2.tgz",
            "integrity": "sha1-mjRBDk9OPaI96jdb5b5w8kd47Dk=",
            "requires": {
                "array-uniq": "1.0.3"
            }
        },
        "array-uniq": {
            "version": "1.0.3",
            "resolved": "https://registry.npmjs.org/array-uniq/-/array-uniq-1.0.3.tgz",
            "integrity": "sha1-r2rId6Jcx/dOBYiUdThY39sk/bY="
        },
        "arrify": {
            "version": "1.0.1",
            "resolved": "https://registry.npmjs.org/arrify/-/arrify-1.0.1.tgz",
            "integrity": "sha1-iYUI2iIm84DfkEcoRWhJwVAaSw0="
        },
        "asap": {
            "version": "2.0.6",
            "resolved": "https://registry.npmjs.org/asap/-/asap-2.0.6.tgz",
            "integrity": "sha1-5QNHYR1+aQlDIIu9r+vLwvuGbUY="
        },
        "balanced-match": {
            "version": "1.0.0",
            "resolved": "https://registry.npmjs.org/balanced-match/-/balanced-match-1.0.0.tgz",
            "integrity": "sha1-ibTRmasr7kneFk6gK4nORi1xt2c="
        },
        "brace-expansion": {
            "version": "1.1.11",
            "resolved": "https://registry.npmjs.org/brace-expansion/-/brace-expansion-1.1.11.tgz",
            "integrity": "sha512-iCuPHDFgrHX7H2vEI/5xpz07zSHB00TpugqhmYtVmMO6518mCuRMoOYFldEBl0g187ufozdaHgWKcYFb61qGiA==",
            "requires": {
                "balanced-match": "1.0.0",
                "concat-map": "0.0.1"
            }
        },
        "colors": {
            "version": "0.6.2",
            "resolved": "https://registry.npmjs.org/colors/-/colors-0.6.2.tgz",
            "integrity": "sha1-JCP+ZnisDF2uiFLl0OW+CMmXq8w="
        },
        "concat-map": {
            "version": "0.0.1",
            "resolved": "https://registry.npmjs.org/concat-map/-/concat-map-0.0.1.tgz",
            "integrity": "sha1-2Klr13/Wjfd5OnMDajug1UBdR3s="
        },
        "cordova-android": {
            "version": "7.1.0",
            "resolved": "http://registry.npmjs.org/cordova-android/-/cordova-android-7.1.0.tgz",
            "integrity": "sha1-HNNu57nRm61Q0+mEK3Mf5ZCSTdU=",
            "requires": {
                "android-versions": "1.3.0",
                "cordova-common": "2.2.1",
                "elementtree": "0.1.6",
                "nopt": "3.0.6",
                "properties-parser": "0.2.3",
                "q": "1.5.1",
                "shelljs": "0.5.3"
            },
            "dependencies": {
                "abbrev": {
                    "version": "1.1.1",
                    "bundled": true
                },
                "android-versions": {
                    "version": "1.3.0",
                    "bundled": true,
                    "requires": {
                        "semver": "5.5.0"
                    }
                },
                "ansi": {
                    "version": "0.3.1",
                    "bundled": true
                },
                "balanced-match": {
                    "version": "1.0.0",
                    "bundled": true
                },
                "base64-js": {
                    "version": "0.0.8",
                    "bundled": true
                },
                "big-integer": {
                    "version": "1.6.26",
                    "bundled": true
                },
                "bplist-parser": {
                    "version": "0.1.1",
                    "bundled": true,
                    "requires": {
                        "big-integer": "1.6.26"
                    }
                },
                "brace-expansion": {
                    "version": "1.1.11",
                    "bundled": true,
                    "requires": {
                        "balanced-match": "1.0.0",
                        "concat-map": "0.0.1"
                    }
                },
                "concat-map": {
                    "version": "0.0.1",
                    "bundled": true
                },
                "cordova-common": {
                    "version": "2.2.1",
                    "bundled": true,
                    "requires": {
                        "ansi": "0.3.1",
                        "bplist-parser": "0.1.1",
                        "cordova-registry-mapper": "1.1.15",
                        "elementtree": "0.1.6",
                        "glob": "5.0.15",
                        "minimatch": "3.0.4",
                        "osenv": "0.1.5",
                        "plist": "1.2.0",
                        "q": "1.5.1",
                        "semver": "5.5.0",
                        "shelljs": "0.5.3",
                        "underscore": "1.8.3",
                        "unorm": "1.4.1"
                    }
                },
                "cordova-registry-mapper": {
                    "version": "1.1.15",
                    "bundled": true
                },
                "elementtree": {
                    "version": "0.1.6",
                    "bundled": true,
                    "requires": {
                        "sax": "0.3.5"
                    }
                },
                "glob": {
                    "version": "5.0.15",
                    "bundled": true,
                    "requires": {
                        "inflight": "1.0.6",
                        "inherits": "2.0.3",
                        "minimatch": "3.0.4",
                        "once": "1.4.0",
                        "path-is-absolute": "1.0.1"
                    }
                },
                "inflight": {
                    "version": "1.0.6",
                    "bundled": true,
                    "requires": {
                        "once": "1.4.0",
                        "wrappy": "1.0.2"
                    }
                },
                "inherits": {
                    "version": "2.0.3",
                    "bundled": true
                },
                "lodash": {
                    "version": "3.10.1",
                    "bundled": true
                },
                "minimatch": {
                    "version": "3.0.4",
                    "bundled": true,
                    "requires": {
                        "brace-expansion": "1.1.11"
                    }
                },
                "nopt": {
                    "version": "3.0.6",
                    "bundled": true,
                    "requires": {
                        "abbrev": "1.1.1"
                    }
                },
                "once": {
                    "version": "1.4.0",
                    "bundled": true,
                    "requires": {
                        "wrappy": "1.0.2"
                    }
                },
                "os-homedir": {
                    "version": "1.0.2",
                    "bundled": true
                },
                "os-tmpdir": {
                    "version": "1.0.2",
                    "bundled": true
                },
                "osenv": {
                    "version": "0.1.5",
                    "bundled": true,
                    "requires": {
                        "os-homedir": "1.0.2",
                        "os-tmpdir": "1.0.2"
                    }
                },
                "path-is-absolute": {
                    "version": "1.0.1",
                    "bundled": true
                },
                "plist": {
                    "version": "1.2.0",
                    "bundled": true,
                    "requires": {
                        "base64-js": "0.0.8",
                        "util-deprecate": "1.0.2",
                        "xmlbuilder": "4.0.0",
                        "xmldom": "0.1.27"
                    }
                },
                "properties-parser": {
                    "version": "0.2.3",
                    "bundled": true
                },
                "q": {
                    "version": "1.5.1",
                    "bundled": true
                },
                "sax": {
                    "version": "0.3.5",
                    "bundled": true
                },
                "semver": {
                    "version": "5.5.0",
                    "bundled": true
                },
                "shelljs": {
                    "version": "0.5.3",
                    "bundled": true
                },
                "underscore": {
                    "version": "1.8.3",
                    "bundled": true
                },
                "unorm": {
                    "version": "1.4.1",
                    "bundled": true
                },
                "util-deprecate": {
                    "version": "1.0.2",
                    "bundled": true
                },
                "wrappy": {
                    "version": "1.0.2",
                    "bundled": true
                },
                "xmlbuilder": {
                    "version": "4.0.0",
                    "bundled": true,
                    "requires": {
                        "lodash": "3.10.1"
                    }
                },
                "xmldom": {
                    "version": "0.1.27",
                    "bundled": true
                }
            }
        },
        "cordova-icon": {
            "version": "1.0.0",
            "resolved": "https://registry.npmjs.org/cordova-icon/-/cordova-icon-1.0.0.tgz",
            "integrity": "sha1-Bp5wQTuqJ1srE3vljX/i+HYUCsU=",
            "requires": {
                "colors": "0.6.2",
                "fs-extra": "0.30.0",
                "imagemagick": "0.1.3",
                "minimist": "1.2.0",
                "q": "1.5.1",
                "underscore": "1.9.1",
                "xml2js": "0.4.19"
            }
        },
        "cordova-ios": {
            "version": "4.5.5",
            "resolved": "https://registry.npmjs.org/cordova-ios/-/cordova-ios-4.5.5.tgz",
            "integrity": "sha512-3+30m2dZ2yii7kg+H7cgpdpkXpMj54zoX5imjGGG4Z7dPXKmalTLc/9rLq+Iaa+Q1BqyOrUFaHopWOODRU6vCg==",
            "requires": {
                "abbrev": "1.1.1",
                "ansi": "0.3.1",
                "balanced-match": "1.0.0",
                "base64-js": "1.2.0",
                "big-integer": "1.6.32",
                "bplist-creator": "0.0.7",
                "bplist-parser": "0.1.1",
                "brace-expansion": "1.1.11",
                "concat-map": "0.0.1",
                "cordova-common": "2.2.5",
                "cordova-registry-mapper": "1.1.15",
                "elementtree": "0.1.6",
                "glob": "5.0.15",
                "inflight": "1.0.6",
                "inherits": "2.0.3",
                "ios-sim": "6.1.3",
                "minimatch": "3.0.4",
                "nopt": "3.0.6",
                "once": "1.4.0",
                "path-is-absolute": "1.0.1",
                "plist": "2.1.0",
                "q": "1.5.1",
                "sax": "0.3.5",
                "shelljs": "0.5.3",
                "simctl": "1.1.1",
                "simple-plist": "0.2.1",
                "stream-buffers": "2.2.0",
                "tail": "0.4.0",
                "underscore": "1.9.1",
                "unorm": "1.4.1",
                "uuid": "3.0.1",
                "wrappy": "1.0.2",
                "xcode": "0.9.3",
                "xml-escape": "1.1.0",
                "xmlbuilder": "8.2.2",
                "xmldom": "0.1.27"
            },
            "dependencies": {
                "abbrev": {
                    "version": "1.1.1",
                    "bundled": true
                },
                "ansi": {
                    "version": "0.3.1",
                    "bundled": true
                },
                "balanced-match": {
                    "version": "1.0.0",
                    "bundled": true
                },
                "base64-js": {
                    "version": "1.2.0",
                    "bundled": true
                },
                "big-integer": {
                    "version": "1.6.32",
                    "bundled": true
                },
                "bplist-creator": {
                    "version": "0.0.7",
                    "bundled": true,
                    "requires": {
                        "stream-buffers": "2.2.0"
                    }
                },
                "bplist-parser": {
                    "version": "0.1.1",
                    "bundled": true,
                    "requires": {
                        "big-integer": "1.6.32"
                    }
                },
                "brace-expansion": {
                    "version": "1.1.11",
                    "bundled": true,
                    "requires": {
                        "balanced-match": "1.0.0",
                        "concat-map": "0.0.1"
                    }
                },
                "concat-map": {
                    "version": "0.0.1",
                    "bundled": true
                },
                "cordova-common": {
                    "version": "2.2.5",
                    "bundled": true,
                    "requires": {
                        "ansi": "0.3.1",
                        "bplist-parser": "0.1.1",
                        "cordova-registry-mapper": "1.1.15",
                        "elementtree": "0.1.6",
                        "glob": "5.0.15",
                        "minimatch": "3.0.4",
                        "plist": "2.1.0",
                        "q": "1.5.1",
                        "shelljs": "0.5.3",
                        "underscore": "1.9.1",
                        "unorm": "1.4.1"
                    }
                },
                "cordova-registry-mapper": {
                    "version": "1.1.15",
                    "bundled": true
                },
                "elementtree": {
                    "version": "0.1.6",
                    "bundled": true,
                    "requires": {
                        "sax": "0.3.5"
                    }
                },
                "glob": {
                    "version": "5.0.15",
                    "bundled": true,
                    "requires": {
                        "inflight": "1.0.6",
                        "inherits": "2.0.3",
                        "minimatch": "3.0.4",
                        "once": "1.4.0",
                        "path-is-absolute": "1.0.1"
                    }
                },
                "inflight": {
                    "version": "1.0.6",
                    "bundled": true,
                    "requires": {
                        "once": "1.4.0",
                        "wrappy": "1.0.2"
                    }
                },
                "inherits": {
                    "version": "2.0.3",
                    "bundled": true
                },
                "ios-sim": {
                    "version": "6.1.3",
                    "bundled": true,
                    "requires": {
                        "bplist-parser": "0.0.6",
                        "nopt": "1.0.9",
                        "plist": "2.1.0",
                        "simctl": "1.1.1"
                    },
                    "dependencies": {
                        "bplist-parser": {
                            "version": "0.0.6",
                            "bundled": true
                        },
                        "nopt": {
                            "version": "1.0.9",
                            "bundled": true,
                            "requires": {
                                "abbrev": "1.1.1"
                            }
                        }
                    }
                },
                "minimatch": {
                    "version": "3.0.4",
                    "bundled": true,
                    "requires": {
                        "brace-expansion": "1.1.11"
                    }
                },
                "nopt": {
                    "version": "3.0.6",
                    "bundled": true,
                    "requires": {
                        "abbrev": "1.1.1"
                    }
                },
                "once": {
                    "version": "1.4.0",
                    "bundled": true,
                    "requires": {
                        "wrappy": "1.0.2"
                    }
                },
                "path-is-absolute": {
                    "version": "1.0.1",
                    "bundled": true
                },
                "plist": {
                    "version": "2.1.0",
                    "bundled": true,
                    "requires": {
                        "base64-js": "1.2.0",
                        "xmlbuilder": "8.2.2",
                        "xmldom": "0.1.27"
                    }
                },
                "q": {
                    "version": "1.5.1",
                    "bundled": true
                },
                "sax": {
                    "version": "0.3.5",
                    "bundled": true
                },
                "shelljs": {
                    "version": "0.5.3",
                    "bundled": true
                },
                "simctl": {
                    "version": "1.1.1",
                    "bundled": true,
                    "requires": {
                        "shelljs": "0.2.6",
                        "tail": "0.4.0"
                    },
                    "dependencies": {
                        "shelljs": {
                            "version": "0.2.6",
                            "bundled": true
                        }
                    }
                },
                "simple-plist": {
                    "version": "0.2.1",
                    "bundled": true,
                    "requires": {
                        "bplist-creator": "0.0.7",
                        "bplist-parser": "0.1.1",
                        "plist": "2.0.1"
                    },
                    "dependencies": {
                        "base64-js": {
                            "version": "1.1.2",
                            "bundled": true
                        },
                        "plist": {
                            "version": "2.0.1",
                            "bundled": true,
                            "requires": {
                                "base64-js": "1.1.2",
                                "xmlbuilder": "8.2.2",
                                "xmldom": "0.1.27"
                            }
                        }
                    }
                },
                "stream-buffers": {
                    "version": "2.2.0",
                    "bundled": true
                },
                "tail": {
                    "version": "0.4.0",
                    "bundled": true
                },
                "underscore": {
                    "version": "1.9.1",
                    "bundled": true
                },
                "unorm": {
                    "version": "1.4.1",
                    "bundled": true
                },
                "uuid": {
                    "version": "3.0.1",
                    "bundled": true
                },
                "wrappy": {
                    "version": "1.0.2",
                    "bundled": true
                },
                "xcode": {
                    "version": "0.9.3",
                    "bundled": true,
                    "requires": {
                        "pegjs": "0.10.0",
                        "simple-plist": "0.2.1",
                        "uuid": "3.0.1"
                    }
                },
                "xml-escape": {
                    "version": "1.1.0",
                    "bundled": true
                },
                "xmlbuilder": {
                    "version": "8.2.2",
                    "bundled": true
                },
                "xmldom": {
                    "version": "0.1.27",
                    "bundled": true
                }
            }
        },
        "cordova-plugin-camera": {
            "version": "4.0.3",
            "resolved": "https://registry.npmjs.org/cordova-plugin-camera/-/cordova-plugin-camera-4.0.3.tgz",
            "integrity": "sha1-c3Olk4MYyGzP2E43E+I4LRD+B2s="
        },
        "cordova-plugin-compat": {
            "version": "1.2.0",
            "resolved": "https://registry.npmjs.org/cordova-plugin-compat/-/cordova-plugin-compat-1.2.0.tgz",
            "integrity": "sha1-C8ZXVyduvZIMASzpIOJ0F3V2Nz4="
        },
        "cordova-plugin-context-menu": {
            "version": "0.1.1",
            "resolved": "https://registry.npmjs.org/cordova-plugin-context-menu/-/cordova-plugin-context-menu-0.1.1.tgz",
            "integrity": "sha1-0uBB1rGSq4fwBGHPtJeN+ECZnBs="
        },
        "cordova-plugin-file": {
            "version": "4.3.3",
            "resolved": "https://registry.npmjs.org/cordova-plugin-file/-/cordova-plugin-file-4.3.3.tgz",
            "integrity": "sha1-AS6Xqhr7kfhJFuY0G1SDZtI96bk="
        },
        "cordova-plugin-keyboard": {
            "version": "1.2.0",
            "resolved": "https://registry.npmjs.org/cordova-plugin-keyboard/-/cordova-plugin-keyboard-1.2.0.tgz",
            "integrity": "sha512-Zng4SgDQQ2BCqeDOvrsgNlM9tcjnxmJoh0Qhex0KltMsoR0g/ONbMTpaVvI8EhNKVO8HJPnhFxxzHxrCPLQ7sQ=="
        },
        "cordova-plugin-media-capture-mp4video": {
            "version": "1.0.5",
            "resolved": "https://registry.npmjs.org/cordova-plugin-media-capture-mp4video/-/cordova-plugin-media-capture-mp4video-1.0.5.tgz",
            "integrity": "sha1-nLOXEDiqhV9j2/JvjtJ65/qRTP8="
        },
        "cordova-plugin-nativestorage": {
            "version": "2.3.2",
            "resolved": "https://registry.npmjs.org/cordova-plugin-nativestorage/-/cordova-plugin-nativestorage-2.3.2.tgz",
            "integrity": "sha512-olg/BzYRk0NGbKQ5f7rf21RYQEyJI19CCZn6RpVMO9/kbRRFqae/6ixjDNy81dXSu2TQ42brjBddGe1Qpn5ViA=="
        },
        "cordova-plugin-statusbar": {
            "version": "2.4.2",
            "resolved": "https://registry.npmjs.org/cordova-plugin-statusbar/-/cordova-plugin-statusbar-2.4.2.tgz",
            "integrity": "sha1-/B+9wNjXAzp+jh8ff/FnrJvU+vY="
        },
        "cordova-plugin-whitelist": {
            "version": "1.3.3",
            "resolved": "https://registry.npmjs.org/cordova-plugin-whitelist/-/cordova-plugin-whitelist-1.3.3.tgz",
            "integrity": "sha1-tehezbv+Wu3tQKG/TuI3LmfZb7Q="
        },
        "cordova-splash": {
            "version": "1.0.0",
            "resolved": "https://registry.npmjs.org/cordova-splash/-/cordova-splash-1.0.0.tgz",
            "integrity": "sha1-76mjU5rJc3z2PKBnd+NwE6MdWGI=",
            "requires": {
                "colors": "0.6.2",
                "fs-extra": "0.30.0",
                "imagemagick": "0.1.3",
                "minimist": "1.2.0",
                "q": "1.5.1",
                "underscore": "1.9.1",
                "xml2js": "0.4.19"
            }
        },
        "del": {
            "version": "2.2.2",
            "resolved": "https://registry.npmjs.org/del/-/del-2.2.2.tgz",
            "integrity": "sha1-wSyYHQZ4RshLyvhiz/kw2Qf/0ag=",
            "requires": {
                "globby": "5.0.0",
                "is-path-cwd": "1.0.0",
                "is-path-in-cwd": "1.0.1",
                "object-assign": "4.1.1",
                "pify": "2.3.0",
                "pinkie-promise": "2.0.1",
                "rimraf": "2.6.2"
            }
        },
        "emitter-mixin": {
            "version": "0.0.3",
            "resolved": "https://registry.npmjs.org/emitter-mixin/-/emitter-mixin-0.0.3.tgz",
            "integrity": "sha1-WUjLKG8uSO3DslGnz8H3iDOW1lw="
        },
        "errno": {
            "version": "0.1.7",
            "resolved": "https://registry.npmjs.org/errno/-/errno-0.1.7.tgz",
            "integrity": "sha512-MfrRBDWzIWifgq6tJj60gkAwtLNb6sQPlcFrSOflcP1aFmmruKQ2wRnze/8V6kgyz7H3FF8Npzv78mZ7XLLflg==",
            "requires": {
                "prr": "1.0.1"
            }
        },
        "fs-extra": {
            "version": "0.30.0",
            "resolved": "https://registry.npmjs.org/fs-extra/-/fs-extra-0.30.0.tgz",
            "integrity": "sha1-8jP/zAjU2n1DLapEl3aYnbHfk/A=",
            "requires": {
                "graceful-fs": "4.1.11",
                "jsonfile": "2.4.0",
                "klaw": "1.3.1",
                "path-is-absolute": "1.0.1",
                "rimraf": "2.6.2"
            }
        },
        "fs.realpath": {
            "version": "1.0.0",
            "resolved": "https://registry.npmjs.org/fs.realpath/-/fs.realpath-1.0.0.tgz",
            "integrity": "sha1-FQStJSMVjKpA20onh8sBQRmU6k8="
        },
        "glob": {
            "version": "7.1.2",
            "resolved": "https://registry.npmjs.org/glob/-/glob-7.1.2.tgz",
            "integrity": "sha512-MJTUg1kjuLeQCJ+ccE4Vpa6kKVXkPYJ2mOCQyUuKLcLQsdrMCpBPUi8qVE6+YuaJkozeA9NusTAw3hLr8Xe5EQ==",
            "requires": {
                "fs.realpath": "1.0.0",
                "inflight": "1.0.6",
                "inherits": "2.0.3",
                "minimatch": "3.0.4",
                "once": "1.4.0",
                "path-is-absolute": "1.0.1"
            }
        },
        "globby": {
            "version": "5.0.0",
            "resolved": "https://registry.npmjs.org/globby/-/globby-5.0.0.tgz",
            "integrity": "sha1-69hGZ8oNuzMLmbz8aOrCvFQ3Dg0=",
            "requires": {
                "array-union": "1.0.2",
                "arrify": "1.0.1",
                "glob": "7.1.2",
                "object-assign": "4.1.1",
                "pify": "2.3.0",
                "pinkie-promise": "2.0.1"
            }
        },
        "graceful-fs": {
            "version": "4.1.11",
            "resolved": "https://registry.npmjs.org/graceful-fs/-/graceful-fs-4.1.11.tgz",
            "integrity": "sha1-Dovf5NHduIVNZOBOp8AOKgJuVlg="
        },
        "imagemagick": {
            "version": "0.1.3",
            "resolved": "https://registry.npmjs.org/imagemagick/-/imagemagick-0.1.3.tgz",
            "integrity": "sha1-dIPOoJO02fLi85aFetyIIbU3xWo="
        },
        "inflight": {
            "version": "1.0.6",
            "resolved": "https://registry.npmjs.org/inflight/-/inflight-1.0.6.tgz",
            "integrity": "sha1-Sb1jMdfQLQwJvJEKEHW6gWW1bfk=",
            "requires": {
                "once": "1.4.0",
                "wrappy": "1.0.2"
            }
        },
        "inherits": {
            "version": "2.0.3",
            "resolved": "https://registry.npmjs.org/inherits/-/inherits-2.0.3.tgz",
            "integrity": "sha1-Yzwsg+PaQqUC9SRmAiSA9CCCYd4="
        },
        "ios-deploy": {
            "version": "1.9.3",
            "resolved": "https://registry.npmjs.org/ios-deploy/-/ios-deploy-1.9.3.tgz",
            "integrity": "sha512-i/8DxXzcL2feqqL6DjUfjqUHyWVmHYNkzZFTyf6yoC4glrI3jQ+8Hhg63vzw/5OoFXN7OyXqjkshAj9c1EsVSw=="
        },
        "is-path-cwd": {
            "version": "1.0.0",
            "resolved": "https://registry.npmjs.org/is-path-cwd/-/is-path-cwd-1.0.0.tgz",
            "integrity": "sha1-0iXsIxMuie3Tj9p2dHLmLmXxEG0="
        },
        "is-path-in-cwd": {
            "version": "1.0.1",
            "resolved": "https://registry.npmjs.org/is-path-in-cwd/-/is-path-in-cwd-1.0.1.tgz",
            "integrity": "sha512-FjV1RTW48E7CWM7eE/J2NJvAEEVektecDBVBE5Hh3nM1Jd0kvhHtX68Pr3xsDf857xt3Y4AkwVULK1Vku62aaQ==",
            "requires": {
                "is-path-inside": "1.0.1"
            }
        },
        "is-path-inside": {
            "version": "1.0.1",
            "resolved": "https://registry.npmjs.org/is-path-inside/-/is-path-inside-1.0.1.tgz",
            "integrity": "sha1-jvW33lBDej/cprToZe96pVy0gDY=",
            "requires": {
                "path-is-inside": "1.0.2"
            }
        },
        "jsonfile": {
            "version": "2.4.0",
            "resolved": "https://registry.npmjs.org/jsonfile/-/jsonfile-2.4.0.tgz",
            "integrity": "sha1-NzaitCi4e72gzIO1P6PWM6NcKug=",
            "requires": {
                "graceful-fs": "4.1.11"
            }
        },
        "junk": {
            "version": "1.0.3",
            "resolved": "https://registry.npmjs.org/junk/-/junk-1.0.3.tgz",
            "integrity": "sha1-h75jSIZJy9ym9Tqzm+yczSNH9ZI="
        },
        "klaw": {
            "version": "1.3.1",
            "resolved": "https://registry.npmjs.org/klaw/-/klaw-1.3.1.tgz",
            "integrity": "sha1-QIhDO0azsbolnXh4XY6W9zugJDk=",
            "requires": {
                "graceful-fs": "4.1.11"
            }
        },
        "maximatch": {
            "version": "0.1.0",
            "resolved": "https://registry.npmjs.org/maximatch/-/maximatch-0.1.0.tgz",
            "integrity": "sha1-hs2NawTJ8wfAWmuUGZBtA2D7E6I=",
            "requires": {
                "array-differ": "1.0.0",
                "array-union": "1.0.2",
                "arrify": "1.0.1",
                "minimatch": "3.0.4"
            }
        },
        "minimatch": {
            "version": "3.0.4",
            "resolved": "https://registry.npmjs.org/minimatch/-/minimatch-3.0.4.tgz",
            "integrity": "sha512-yJHVQEhyqPLUTgt9B83PXu6W3rx4MvvHvSUvToogpwoGDOUQ+yDrR0HRot+yOCdCO7u4hX3pWft6kWBBcqh0UA==",
            "requires": {
                "brace-expansion": "1.1.11"
            }
        },
        "minimist": {
            "version": "1.2.0",
            "resolved": "https://registry.npmjs.org/minimist/-/minimist-1.2.0.tgz",
            "integrity": "sha1-o1AIsg9BOD7sH7kU9M1d95omQoQ="
        },
        "mkdirp": {
            "version": "0.5.1",
            "resolved": "http://registry.npmjs.org/mkdirp/-/mkdirp-0.5.1.tgz",
            "integrity": "sha1-MAV0OOrGz3+MR2fzhkjWaX11yQM=",
            "requires": {
                "minimist": "0.0.8"
            },
            "dependencies": {
                "minimist": {
                    "version": "0.0.8",
                    "resolved": "http://registry.npmjs.org/minimist/-/minimist-0.0.8.tgz",
                    "integrity": "sha1-hX/Kv8M5fSYluCKCYuhqp6ARsF0="
                }
            }
        },
        "object-assign": {
            "version": "4.1.1",
            "resolved": "https://registry.npmjs.org/object-assign/-/object-assign-4.1.1.tgz",
            "integrity": "sha1-IQmtx5ZYh8/AXLvUQsrIv7s2CGM="
        },
        "once": {
            "version": "1.4.0",
            "resolved": "https://registry.npmjs.org/once/-/once-1.4.0.tgz",
            "integrity": "sha1-WDsap3WWHUsROsF9nFC6753Xa9E=",
            "requires": {
                "wrappy": "1.0.2"
            }
        },
        "onesignal-cordova-plugin": {
            "version": "2.4.1",
            "resolved": "https://registry.npmjs.org/onesignal-cordova-plugin/-/onesignal-cordova-plugin-2.4.1.tgz",
            "integrity": "sha512-P4Jiypo5d549LrRWsZE1g5z7cmQMseG6yIayQem+hLRUXlWx7qqOdxTa1oUh5nFxlYon8u6jI5wIybRWxL5YfQ=="
        },
        "path-is-absolute": {
            "version": "1.0.1",
            "resolved": "https://registry.npmjs.org/path-is-absolute/-/path-is-absolute-1.0.1.tgz",
            "integrity": "sha1-F0uSaHNVNP+8es5r9TpanhtcX18="
        },
        "path-is-inside": {
            "version": "1.0.2",
            "resolved": "https://registry.npmjs.org/path-is-inside/-/path-is-inside-1.0.2.tgz",
            "integrity": "sha1-NlQX3t5EQw0cEa9hAn+s8HS9/FM="
        },
        "pegjs": {
            "version": "0.10.0",
            "resolved": "https://registry.npmjs.org/pegjs/-/pegjs-0.10.0.tgz",
            "integrity": "sha1-z4uvrm7d/0tafvsYUmnqr0YQ3b0="
        },
        "pify": {
            "version": "2.3.0",
            "resolved": "https://registry.npmjs.org/pify/-/pify-2.3.0.tgz",
            "integrity": "sha1-7RQaasBDqEnqWISY59yosVMw6Qw="
        },
        "pinkie": {
            "version": "2.0.4",
            "resolved": "https://registry.npmjs.org/pinkie/-/pinkie-2.0.4.tgz",
            "integrity": "sha1-clVrgM+g1IqXToDnckjoDtT3+HA="
        },
        "pinkie-promise": {
            "version": "2.0.1",
            "resolved": "https://registry.npmjs.org/pinkie-promise/-/pinkie-promise-2.0.1.tgz",
            "integrity": "sha1-ITXW36ejWMBprJsXh3YogihFD/o=",
            "requires": {
                "pinkie": "2.0.4"
            }
        },
        "promise": {
            "version": "7.3.1",
            "resolved": "https://registry.npmjs.org/promise/-/promise-7.3.1.tgz",
            "integrity": "sha512-nolQXZ/4L+bP/UGlkfaIujX9BKxGwmQ9OT4mOt5yvy8iK1h3wqTEJCijzGANTCCl9nWjY41juyAn2K3Q1hLLTg==",
            "requires": {
                "asap": "2.0.6"
            }
        },
        "prr": {
            "version": "1.0.1",
            "resolved": "https://registry.npmjs.org/prr/-/prr-1.0.1.tgz",
            "integrity": "sha1-0/wRS6BplaRexok/SEzrHXj19HY="
        },
        "q": {
            "version": "1.5.1",
            "resolved": "https://registry.npmjs.org/q/-/q-1.5.1.tgz",
            "integrity": "sha1-fjL3W0E4EpHQRhHxvxQQmsAGUdc="
        },
        "recursive-copy": {
            "version": "2.0.9",
            "resolved": "https://registry.npmjs.org/recursive-copy/-/recursive-copy-2.0.9.tgz",
            "integrity": "sha512-0AkHV+QtfS/1jW01z3m2t/TRTW56Fpc+xYbsoa/bqn8BCYPwmsaNjlYmUU/dyGg9w8MmGoUWihU5W+s+qjxvBQ==",
            "requires": {
                "del": "2.2.2",
                "emitter-mixin": "0.0.3",
                "errno": "0.1.7",
                "graceful-fs": "4.1.11",
                "junk": "1.0.3",
                "maximatch": "0.1.0",
                "mkdirp": "0.5.1",
                "pify": "2.3.0",
                "promise": "7.3.1",
                "slash": "1.0.0"
            }
        },
        "rimraf": {
            "version": "2.6.2",
            "resolved": "https://registry.npmjs.org/rimraf/-/rimraf-2.6.2.tgz",
            "integrity": "sha512-lreewLK/BlghmxtfH36YYVg1i8IAce4TI7oao75I1g245+6BctqTVQiBP3YUJ9C6DQOXJmkYR9X9fCLtCOJc5w==",
            "requires": {
                "glob": "7.1.2"
            }
        },
        "sax": {
            "version": "1.2.4",
            "resolved": "https://registry.npmjs.org/sax/-/sax-1.2.4.tgz",
            "integrity": "sha512-NqVDv9TpANUjFm0N8uM5GxL36UgKi9/atZw+x7YFnQ8ckwFGKrl4xX4yWtrey3UJm5nP1kUbnYgLopqWNSRhWw=="
        },
        "slash": {
            "version": "1.0.0",
            "resolved": "https://registry.npmjs.org/slash/-/slash-1.0.0.tgz",
            "integrity": "sha1-xB8vbDn8FtHNF61LXYlhFK5HDVU="
        },
        "underscore": {
            "version": "1.9.1",
            "resolved": "https://registry.npmjs.org/underscore/-/underscore-1.9.1.tgz",
            "integrity": "sha512-5/4etnCkd9c8gwgowi5/om/mYO5ajCaOgdzj/oW+0eQV9WxKBDZw5+ycmKmeaTXjInS/W0BzpGLo2xR2aBwZdg=="
        },
        "wrappy": {
            "version": "1.0.2",
            "resolved": "https://registry.npmjs.org/wrappy/-/wrappy-1.0.2.tgz",
            "integrity": "sha1-tSQ9jz7BqjXxNkYFvA0QNuMKtp8="
        },
        "xml2js": {
            "version": "0.4.19",
            "resolved": "https://registry.npmjs.org/xml2js/-/xml2js-0.4.19.tgz",
            "integrity": "sha512-esZnJZJOiJR9wWKMyuvSE1y6Dq5LCuJanqhxslH2bxM6duahNZ+HMpCLhBQGZkbX6xRf8x1Y2eJlgt2q3qo49Q==",
            "requires": {
                "sax": "1.2.4",
                "xmlbuilder": "9.0.7"
            }
        },
        "xmlbuilder": {
            "version": "9.0.7",
            "resolved": "https://registry.npmjs.org/xmlbuilder/-/xmlbuilder-9.0.7.tgz",
            "integrity": "sha1-Ey7mPS7FVlxVfiD0wi35rKaGsQ0="
        }
    }
}
