{
  "requires": true,
  "lockfileVersion": 1,
  "dependencies": {
    "nymph-client": {
      "version": "2.2.0",
      "resolved": "https://registry.npmjs.org/nymph-client/-/nymph-client-2.2.0.tgz",
      "integrity": "sha512-LUm8YdCzU9l71meVp8/Ymff4DHKokNCzcRyT63s5GNjw5QuPh6Tl72h5lFQDNFZD9+iyQWWuR31L+E83+92P1A=="
    }
  }
}
